
Microsoft Visual Studio Solution File, Format Version 12.00
# Visual Studio Version 17
VisualStudioVersion = 17.6.33829.357
MinimumVisualStudioVersion = 10.0.40219.1
Project("{9A19103F-16F7-4668-BE54-9A1E7A4F7556}") = "Clients API", "Clients API\Clients API.csproj", "{16E5A697-DAC4-40ED-93F3-D1AC4993E42D}"
EndProject
Project("{9A19103F-16F7-4668-BE54-9A1E7A4F7556}") = "Charges API", "Charges API\Charges API.csproj", "{F23F4557-90C9-4C25-83A9-F084A0B35749}"
EndProject
Project("{9A19103F-16F7-4668-BE54-9A1E7A4F7556}") = "Infrastructure", "Infrastructure\Infrastructure.csproj", "{77E334F3-AFEF-4868-96DA-437A3D8BC2A8}"
EndProject
Project("{9A19103F-16F7-4668-BE54-9A1E7A4F7556}") = "Domain.Clients", "Domain.Clients\Domain.Clients.csproj", "{27544761-FBB1-4E0B-9E5D-9A73A03E7BE9}"
EndProject
Project("{9A19103F-16F7-4668-BE54-9A1E7A4F7556}") = "Domain.Charges", "Domain.Charges\Domain.Charges.csproj", "{562CDB53-2B5B-4386-9B3C-89AA9D80E74F}"
EndProject
Project("{9A19103F-16F7-4668-BE54-9A1E7A4F7556}") = "Charges Processing Job", "Charges Processing Job\Charges Processing Job.csproj", "{F1012995-F589-4DD7-8C86-53F0137E69DA}"
EndProject
Project("{9A19103F-16F7-4668-BE54-9A1E7A4F7556}") = "Clients API.Tests", "Clients API.Tests\Clients API.Tests.csproj", "{E091C105-79EF-469C-A70A-C2DDB28C1B0C}"
EndProject
Project("{2150E333-8FDC-42A3-9474-1A3956D46DE8}") = "Testing", "Testing", "{4004B5C6-2E66-44BE-8A21-E31BB2139751}"
EndProject
Project("{FAE04EC0-301F-11D3-BF4B-00C04F79EFBC}") = "Charges API.Tests", "Charges API.Tests\Charges API.Tests.csproj", "{76773E06-4C58-4F24-90B2-AF4DADF2867F}"
EndProject
Project("{FAE04EC0-301F-11D3-BF4B-00C04F79EFBC}") = "Charges Processing Job.Tests", "Charges Processing Job.Tests\Charges Processing Job.Tests.csproj", "{BBED2F89-501A-4E8A-8224-82FB2D41EA28}"
EndProject
Project("{FAE04EC0-301F-11D3-BF4B-00C04F79EFBC}") = "Infrastructure.Tests", "Infrastructure.Tests\Infrastructure.Tests.csproj", "{AC7CB31D-F43C-41BD-8ECC-B2D00B38CE14}"
EndProject
Global
	GlobalSection(SolutionConfigurationPlatforms) = preSolution
		Debug|Any CPU = Debug|Any CPU
		Release|Any CPU = Release|Any CPU
	EndGlobalSection
	GlobalSection(ProjectConfigurationPlatforms) = postSolution
		{16E5A697-DAC4-40ED-93F3-D1AC4993E42D}.Debug|Any CPU.ActiveCfg = Debug|Any CPU
		{16E5A697-DAC4-40ED-93F3-D1AC4993E42D}.Debug|Any CPU.Build.0 = Debug|Any CPU
		{16E5A697-DAC4-40ED-93F3-D1AC4993E42D}.Release|Any CPU.ActiveCfg = Release|Any CPU
		{16E5A697-DAC4-40ED-93F3-D1AC4993E42D}.Release|Any CPU.Build.0 = Release|Any CPU
		{F23F4557-90C9-4C25-83A9-F084A0B35749}.Debug|Any CPU.ActiveCfg = Debug|Any CPU
		{F23F4557-90C9-4C25-83A9-F084A0B35749}.Debug|Any CPU.Build.0 = Debug|Any CPU
		{F23F4557-90C9-4C25-83A9-F084A0B35749}.Release|Any CPU.ActiveCfg = Release|Any CPU
		{F23F4557-90C9-4C25-83A9-F084A0B35749}.Release|Any CPU.Build.0 = Release|Any CPU
		{77E334F3-AFEF-4868-96DA-437A3D8BC2A8}.Debug|Any CPU.ActiveCfg = Debug|Any CPU
		{77E334F3-AFEF-4868-96DA-437A3D8BC2A8}.Debug|Any CPU.Build.0 = Debug|Any CPU
		{77E334F3-AFEF-4868-96DA-437A3D8BC2A8}.Release|Any CPU.ActiveCfg = Release|Any CPU
		{77E334F3-AFEF-4868-96DA-437A3D8BC2A8}.Release|Any CPU.Build.0 = Release|Any CPU
		{27544761-FBB1-4E0B-9E5D-9A73A03E7BE9}.Debug|Any CPU.ActiveCfg = Debug|Any CPU
		{27544761-FBB1-4E0B-9E5D-9A73A03E7BE9}.Debug|Any CPU.Build.0 = Debug|Any CPU
		{27544761-FBB1-4E0B-9E5D-9A73A03E7BE9}.Release|Any CPU.ActiveCfg = Release|Any CPU
		{27544761-FBB1-4E0B-9E5D-9A73A03E7BE9}.Release|Any CPU.Build.0 = Release|Any CPU
		{562CDB53-2B5B-4386-9B3C-89AA9D80E74F}.Debug|Any CPU.ActiveCfg = Debug|Any CPU
		{562CDB53-2B5B-4386-9B3C-89AA9D80E74F}.Debug|Any CPU.Build.0 = Debug|Any CPU
		{562CDB53-2B5B-4386-9B3C-89AA9D80E74F}.Release|Any CPU.ActiveCfg = Release|Any CPU
		{562CDB53-2B5B-4386-9B3C-89AA9D80E74F}.Release|Any CPU.Build.0 = Release|Any CPU
		{F1012995-F589-4DD7-8C86-53F0137E69DA}.Debug|Any CPU.ActiveCfg = Debug|Any CPU
		{F1012995-F589-4DD7-8C86-53F0137E69DA}.Debug|Any CPU.Build.0 = Debug|Any CPU
		{F1012995-F589-4DD7-8C86-53F0137E69DA}.Release|Any CPU.ActiveCfg = Release|Any CPU
		{F1012995-F589-4DD7-8C86-53F0137E69DA}.Release|Any CPU.Build.0 = Release|Any CPU
		{E091C105-79EF-469C-A70A-C2DDB28C1B0C}.Debug|Any CPU.ActiveCfg = Debug|Any CPU
		{E091C105-79EF-469C-A70A-C2DDB28C1B0C}.Debug|Any CPU.Build.0 = Debug|Any CPU
		{E091C105-79EF-469C-A70A-C2DDB28C1B0C}.Release|Any CPU.ActiveCfg = Release|Any CPU
		{E091C105-79EF-469C-A70A-C2DDB28C1B0C}.Release|Any CPU.Build.0 = Release|Any CPU
		{76773E06-4C58-4F24-90B2-AF4DADF2867F}.Debug|Any CPU.ActiveCfg = Debug|Any CPU
		{76773E06-4C58-4F24-90B2-AF4DADF2867F}.Debug|Any CPU.Build.0 = Debug|Any CPU
		{76773E06-4C58-4F24-90B2-AF4DADF2867F}.Release|Any CPU.ActiveCfg = Release|Any CPU
		{76773E06-4C58-4F24-90B2-AF4DADF2867F}.Release|Any CPU.Build.0 = Release|Any CPU
		{BBED2F89-501A-4E8A-8224-82FB2D41EA28}.Debug|Any CPU.ActiveCfg = Debug|Any CPU
		{BBED2F89-501A-4E8A-8224-82FB2D41EA28}.Debug|Any CPU.Build.0 = Debug|Any CPU
		{BBED2F89-501A-4E8A-8224-82FB2D41EA28}.Release|Any CPU.ActiveCfg = Release|Any CPU
		{BBED2F89-501A-4E8A-8224-82FB2D41EA28}.Release|Any CPU.Build.0 = Release|Any CPU
		{AC7CB31D-F43C-41BD-8ECC-B2D00B38CE14}.Debug|Any CPU.ActiveCfg = Debug|Any CPU
		{AC7CB31D-F43C-41BD-8ECC-B2D00B38CE14}.Debug|Any CPU.Build.0 = Debug|Any CPU
		{AC7CB31D-F43C-41BD-8ECC-B2D00B38CE14}.Release|Any CPU.ActiveCfg = Release|Any CPU
		{AC7CB31D-F43C-41BD-8ECC-B2D00B38CE14}.Release|Any CPU.Build.0 = Release|Any CPU
	EndGlobalSection
	GlobalSection(SolutionProperties) = preSolution
		HideSolutionNode = FALSE
	EndGlobalSection
	GlobalSection(NestedProjects) = preSolution
		{E091C105-79EF-469C-A70A-C2DDB28C1B0C} = {4004B5C6-2E66-44BE-8A21-E31BB2139751}
		{76773E06-4C58-4F24-90B2-AF4DADF2867F} = {4004B5C6-2E66-44BE-8A21-E31BB2139751}
		{BBED2F89-501A-4E8A-8224-82FB2D41EA28} = {4004B5C6-2E66-44BE-8A21-E31BB2139751}
		{AC7CB31D-F43C-41BD-8ECC-B2D00B38CE14} = {4004B5C6-2E66-44BE-8A21-E31BB2139751}
	EndGlobalSection
	GlobalSection(ExtensibilityGlobals) = postSolution
		SolutionGuid = {102478DE-D442-46B8-8410-6A0DDA3F73C9}
	EndGlobalSection
EndGlobal
